{
  "version": 4,
  "terraform_version": "1.8.3",
  "serial": 1,
  "lineage": "7179264d-a2d8-8043-7b06-0d273fba97d3",
  "outputs": {},
  "resources": [
    {
      "mode": "managed",
      "type": "github_repository",
      "name": "test-tera",
      "provider": "provider[\"registry.terraform.io/hashicorp/github\"]",
      "instances": [
        {
          "schema_version": 1,
          "attributes": {
            "allow_auto_merge": false,
            "allow_merge_commit": true,
            "allow_rebase_merge": true,
            "allow_squash_merge": true,
            "allow_update_branch": false,
            "archive_on_destroy": null,
            "archived": false,
            "auto_init": true,
            "default_branch": "main",
            "delete_branch_on_merge": false,
            "description": "this is for test",
            "etag": "W/\"3894d3e3c0b8ce7b57f6f503eb85d2bc5b019d589639d59ffcafcd1a88931ea6\"",
            "full_name": "mail2sachinrajput/test-tera",
            "git_clone_url": "git://github.com/mail2sachinrajput/test-tera.git",
            "gitignore_template": null,
            "has_discussions": false,
            "has_downloads": false,
            "has_issues": false,
            "has_projects": false,
            "has_wiki": false,
            "homepage_url": "",
            "html_url": "https://github.com/mail2sachinrajput/test-tera",
            "http_clone_url": "https://github.com/mail2sachinrajput/test-tera.git",
            "id": "test-tera",
            "ignore_vulnerability_alerts_during_read": null,
            "is_template": false,
            "license_template": null,
            "merge_commit_message": "PR_TITLE",
            "merge_commit_title": "MERGE_MESSAGE",
            "name": "test-tera",
            "node_id": "R_kgDOL99qmw",
            "pages": [],
            "primary_language": "",
            "private": false,
            "repo_id": 803170971,
            "security_and_analysis": [
              {
                "advanced_security": [],
                "secret_scanning": [
                  {
                    "status": "enabled"
                  }
                ],
                "secret_scanning_push_protection": [
                  {
                    "status": "enabled"
                  }
                ]
              }
            ],
            "squash_merge_commit_message": "COMMIT_MESSAGES",
            "squash_merge_commit_title": "COMMIT_OR_PR_TITLE",
            "ssh_clone_url": "git@github.com:mail2sachinrajput/test-tera.git",
            "svn_url": "https://github.com/mail2sachinrajput/test-tera",
            "template": [],
            "topics": [],
            "visibility": "public",
            "vulnerability_alerts": false,
            "web_commit_signoff_required": false
          },
          "sensitive_attributes": [],
          "private": "eyJzY2hlbWFfdmVyc2lvbiI6IjEifQ=="
        }
      ]
    }
  ],
  "check_results": null
}
